{
  "lib/forge-std": {
    "rev": "6bce1540c7a5d1c40eec032a1ae16f0e01f82b92"
  },
  "lib/openzeppelin-contracts": {
    "tag": {
      "name": "v5.4.0",
      "rev": "c64a1edb67b6e3f4a15cca8909c9482ad33a02b0"
    }
  },
  "lib/sp1-contracts": {
    "tag": {
      "name": "v5.0.0",
      "rev": "512b5e029abc27f6e46a3c7eba220dac83ecc306"
    }
  }
}